
Microsoft Visual Studio Solution File, Format Version 12.00
# Visual Studio Version 17
VisualStudioVersion = 17.13.35825.156 d17.13
MinimumVisualStudioVersion = 10.0.40219.1
Project("{FAE04EC0-301F-11D3-BF4B-00C04F79EFBC}") = "+8", "+8\+8.csproj", "{6EC9F971-62DB-4BF9-B6EB-F1DF8BF65922}"
EndProject
Global
	GlobalSection(SolutionConfigurationPlatforms) = preSolution
		Debug|Any CPU = Debug|Any CPU
		Release|Any CPU = Release|Any CPU
	EndGlobalSection
	GlobalSection(ProjectConfigurationPlatforms) = postSolution
		{6EC9F971-62DB-4BF9-B6EB-F1DF8BF65922}.Debug|Any CPU.ActiveCfg = Debug|Any CPU
		{6EC9F971-62DB-4BF9-B6EB-F1DF8BF65922}.Debug|Any CPU.Build.0 = Debug|Any CPU
		{6EC9F971-62DB-4BF9-B6EB-F1DF8BF65922}.Release|Any CPU.ActiveCfg = Release|Any CPU
		{6EC9F971-62DB-4BF9-B6EB-F1DF8BF65922}.Release|Any CPU.Build.0 = Release|Any CPU
	EndGlobalSection
	GlobalSection(SolutionProperties) = preSolution
		HideSolutionNode = FALSE
	EndGlobalSection
	GlobalSection(ExtensibilityGlobals) = postSolution
		SolutionGuid = {AB723173-8B9F-4A01-80A9-C11B4DCEFA62}
	EndGlobalSection
EndGlobal
